Microsoft Visual Studio Solution File, Format Version 12.00
# Visual Studio Version 17
VisualStudioVersion = 17.5.2.0
MinimumVisualStudioVersion = 10.0.40219.1
Project("{FAE04EC0-301F-11D3-BF4B-00C04F79EFBC}") = "NotaryOfficeApp", "NotaryOfficeApp.csproj", "{7312F49D-84A7-7036-49CE-0F4AC049B6A3}"
EndProject
Global
	GlobalSection(SolutionConfigurationPlatforms) = preSolution
		Debug|Any CPU = Debug|Any CPU
		Release|Any CPU = Release|Any CPU
	EndGlobalSection
	GlobalSection(ProjectConfigurationPlatforms) = postSolution
		{7312F49D-84A7-7036-49CE-0F4AC049B6A3}.Debug|Any CPU.ActiveCfg = Debug|Any CPU
		{7312F49D-84A7-7036-49CE-0F4AC049B6A3}.Debug|Any CPU.Build.0 = Debug|Any CPU
		{7312F49D-84A7-7036-49CE-0F4AC049B6A3}.Release|Any CPU.ActiveCfg = Release|Any CPU
		{7312F49D-84A7-7036-49CE-0F4AC049B6A3}.Release|Any CPU.Build.0 = Release|Any CPU
	EndGlobalSection
	GlobalSection(SolutionProperties) = preSolution
		HideSolutionNode = FALSE
	EndGlobalSection
	GlobalSection(ExtensibilityGlobals) = postSolution
		SolutionGuid = {7D3DD3ED-7FA0-42AD-A779-A0B4BE0FFC33}
	EndGlobalSection
EndGlobal
